
Microsoft Visual Studio Solution File, Format Version 12.00
# Visual Studio Version 16
VisualStudioVersion = 16.0.32602.291
MinimumVisualStudioVersion = 10.0.40219.1
Project("{FAE04EC0-301F-11D3-BF4B-00C04F79EFBC}") = "RareConfig.Api", "RareConfig.Api\RareConfig.Api.csproj", "{C2D74523-35C9-4B79-911D-CADA73051F04}"
EndProject
Project("{FAE04EC0-301F-11D3-BF4B-00C04F79EFBC}") = "Domain", "Domain\Domain.csproj", "{C1A433BF-A693-45F6-B08D-63E3479B8E47}"
EndProject
Project("{FAE04EC0-301F-11D3-BF4B-00C04F79EFBC}") = "Persistence", "Persistence\Persistence.csproj", "{8C4387D8-C90C-4266-B890-0953A7277984}"
EndProject
Global
	GlobalSection(SolutionConfigurationPlatforms) = preSolution
		Debug|Any CPU = Debug|Any CPU
		Release|Any CPU = Release|Any CPU
	EndGlobalSection
	GlobalSection(ProjectConfigurationPlatforms) = postSolution
		{C2D74523-35C9-4B79-911D-CADA73051F04}.Debug|Any CPU.ActiveCfg = Debug|Any CPU
		{C2D74523-35C9-4B79-911D-CADA73051F04}.Debug|Any CPU.Build.0 = Debug|Any CPU
		{C2D74523-35C9-4B79-911D-CADA73051F04}.Release|Any CPU.ActiveCfg = Release|Any CPU
		{C2D74523-35C9-4B79-911D-CADA73051F04}.Release|Any CPU.Build.0 = Release|Any CPU
		{C1A433BF-A693-45F6-B08D-63E3479B8E47}.Debug|Any CPU.ActiveCfg = Debug|Any CPU
		{C1A433BF-A693-45F6-B08D-63E3479B8E47}.Debug|Any CPU.Build.0 = Debug|Any CPU
		{C1A433BF-A693-45F6-B08D-63E3479B8E47}.Release|Any CPU.ActiveCfg = Release|Any CPU
		{C1A433BF-A693-45F6-B08D-63E3479B8E47}.Release|Any CPU.Build.0 = Release|Any CPU
		{8C4387D8-C90C-4266-B890-0953A7277984}.Debug|Any CPU.ActiveCfg = Debug|Any CPU
		{8C4387D8-C90C-4266-B890-0953A7277984}.Debug|Any CPU.Build.0 = Debug|Any CPU
		{8C4387D8-C90C-4266-B890-0953A7277984}.Release|Any CPU.ActiveCfg = Release|Any CPU
		{8C4387D8-C90C-4266-B890-0953A7277984}.Release|Any CPU.Build.0 = Release|Any CPU
	EndGlobalSection
	GlobalSection(SolutionProperties) = preSolution
		HideSolutionNode = FALSE
	EndGlobalSection
	GlobalSection(ExtensibilityGlobals) = postSolution
		SolutionGuid = {9928E362-9C82-403E-B9E0-5BE478CC2373}
	EndGlobalSection
EndGlobal
